{
  "name": "@pager/minion",
  "version": "1.5.2",
  "lockfileVersion": 1,
  "requires": true,
  "dependencies": {
    "ansi-color": {
      "version": "0.2.1",
      "resolved": "https://registry.npmjs.org/ansi-color/-/ansi-color-0.2.1.tgz",
      "integrity": "sha1-PnXAN0dSF1RO12Oo21cJ+prlv5o="
    },
    "argsparser": {
      "version": "0.0.7",
      "resolved": "https://registry.npmjs.org/argsparser/-/argsparser-0.0.7.tgz",
      "integrity": "sha1-QcheDD3nV7NQ8S5u0OSQsegtvgY="
    },
    "balanced-match": {
      "version": "1.0.0",
      "resolved": "https://registry.npmjs.org/balanced-match/-/balanced-match-1.0.0.tgz",
      "integrity": "sha1-ibTRmasr7kneFk6gK4nORi1xt2c="
    },
    "brace-expansion": {
      "version": "1.1.8",
      "resolved": "https://registry.npmjs.org/brace-expansion/-/brace-expansion-1.1.8.tgz",
      "integrity": "sha1-wHshHHyVLsH479Uad+8NHTmQopI=",
      "requires": {
        "balanced-match": "1.0.0",
        "concat-map": "0.0.1"
      }
    },
    "concat-map": {
      "version": "0.0.1",
      "resolved": "https://registry.npmjs.org/concat-map/-/concat-map-0.0.1.tgz",
      "integrity": "sha1-2Klr13/Wjfd5OnMDajug1UBdR3s="
    },
    "jshint": {
      "version": "0.5.9",
      "resolved": "https://registry.npmjs.org/jshint/-/jshint-0.5.9.tgz",
      "integrity": "sha1-zLW6nSgY3+eIV/6qccy6DLEK68k=",
      "requires": {
        "argsparser": "0.0.7",
        "minimatch": "3.0.4"
      }
    },
    "minimatch": {
      "version": "3.0.4",
      "resolved": "https://registry.npmjs.org/minimatch/-/minimatch-3.0.4.tgz",
      "integrity": "sha512-yJHVQEhyqPLUTgt9B83PXu6W3rx4MvvHvSUvToogpwoGDOUQ+yDrR0HRot+yOCdCO7u4hX3pWft6kWBBcqh0UA==",
      "requires": {
        "brace-expansion": "1.1.8"
      }
    },
    "minion": {
      "version": "1.5.5",
      "resolved": "https://registry.npmjs.org/minion/-/minion-1.5.5.tgz",
      "integrity": "sha1-v4JPMCpAO62UF4CCnREIZWQ9gCc=",
      "requires": {
        "ansi-color": "0.2.1",
        "jshint": "0.5.9",
        "optimist": "0.3.7",
        "uglify-js": "1.2.6"
      }
    },
    "optimist": {
      "version": "0.3.7",
      "resolved": "https://registry.npmjs.org/optimist/-/optimist-0.3.7.tgz",
      "integrity": "sha1-yQlBrVnkJzMokjB00s8ufLxuwNk=",
      "requires": {
        "wordwrap": "0.0.3"
      }
    },
    "uglify-js": {
      "version": "1.2.6",
      "resolved": "https://registry.npmjs.org/uglify-js/-/uglify-js-1.2.6.tgz",
      "integrity": "sha1-01Sy08HPEOvBj6eMEaKL3ZzhWA0="
    },
    "wordwrap": {
      "version": "0.0.3",
      "resolved": "https://registry.npmjs.org/wordwrap/-/wordwrap-0.0.3.tgz",
      "integrity": "sha1-o9XabNXAvAAI03I0u68b7WMFkQc="
    }
  }
}
